
Microsoft Visual Studio Solution File, Format Version 12.00
# Visual Studio 15
VisualStudioVersion = 15.0.28307.438
MinimumVisualStudioVersion = 10.0.40219.1
Project("{FAE04EC0-301F-11D3-BF4B-00C04F79EFBC}") = "Demo", "Demo\Demo.csproj", "{8F93EC9A-FB47-4B71-92DA-966E890BF37F}"
EndProject
Global
	GlobalSection(SolutionConfigurationPlatforms) = preSolution
		Debug|Any CPU = Debug|Any CPU
		Release|Any CPU = Release|Any CPU
	EndGlobalSection
	GlobalSection(ProjectConfigurationPlatforms) = postSolution
		{8F93EC9A-FB47-4B71-92DA-966E890BF37F}.Debug|Any CPU.ActiveCfg = Debug|Any CPU
		{8F93EC9A-FB47-4B71-92DA-966E890BF37F}.Debug|Any CPU.Build.0 = Debug|Any CPU
		{8F93EC9A-FB47-4B71-92DA-966E890BF37F}.Release|Any CPU.ActiveCfg = Release|Any CPU
		{8F93EC9A-FB47-4B71-92DA-966E890BF37F}.Release|Any CPU.Build.0 = Release|Any CPU
	EndGlobalSection
	GlobalSection(SolutionProperties) = preSolution
		HideSolutionNode = FALSE
	EndGlobalSection
	GlobalSection(ExtensibilityGlobals) = postSolution
		SolutionGuid = {E38CD4C2-D2CA-4851-A562-3BDA5CD0F554}
	EndGlobalSection
EndGlobal
